
Microsoft Visual Studio Solution File, Format Version 12.00
# Visual Studio Version 17
VisualStudioVersion = 17.4.33205.214
MinimumVisualStudioVersion = 10.0.40219.1
Project("{9A19103F-16F7-4668-BE54-9A1E7A4F7556}") = "TravelAndAccommodationBookingPlatform.WebApi", "TravelAndAccommodationBookingPlatform.WebApi.csproj", "{AD7207D3-B4E7-4B05-A74F-A5E1F6569828}"
EndProject
Project("{9A19103F-16F7-4668-BE54-9A1E7A4F7556}") = "TravelAndAccommodationBookingPlatform .Db", "..\TravelAndAccommodationBookingPlatform .Db\TravelAndAccommodationBookingPlatform .Db.csproj", "{0D69E431-5BE3-41E3-94ED-1FE8E56AF588}"
EndProject
Project("{9A19103F-16F7-4668-BE54-9A1E7A4F7556}") = "TravelAndAccommodationBookingPlatform.Application", "..\TravelAndAccommodationBookingPlatform.Application\TravelAndAccommodationBookingPlatform.Application.csproj", "{D2F2E993-62FD-4528-AD0E-2DDC29EB69BB}"
EndProject
Global
	GlobalSection(SolutionConfigurationPlatforms) = preSolution
		Debug|Any CPU = Debug|Any CPU
		Release|Any CPU = Release|Any CPU
	EndGlobalSection
	GlobalSection(ProjectConfigurationPlatforms) = postSolution
		{AD7207D3-B4E7-4B05-A74F-A5E1F6569828}.Debug|Any CPU.ActiveCfg = Debug|Any CPU
		{AD7207D3-B4E7-4B05-A74F-A5E1F6569828}.Debug|Any CPU.Build.0 = Debug|Any CPU
		{AD7207D3-B4E7-4B05-A74F-A5E1F6569828}.Release|Any CPU.ActiveCfg = Release|Any CPU
		{AD7207D3-B4E7-4B05-A74F-A5E1F6569828}.Release|Any CPU.Build.0 = Release|Any CPU
		{0D69E431-5BE3-41E3-94ED-1FE8E56AF588}.Debug|Any CPU.ActiveCfg = Debug|Any CPU
		{0D69E431-5BE3-41E3-94ED-1FE8E56AF588}.Debug|Any CPU.Build.0 = Debug|Any CPU
		{0D69E431-5BE3-41E3-94ED-1FE8E56AF588}.Release|Any CPU.ActiveCfg = Release|Any CPU
		{0D69E431-5BE3-41E3-94ED-1FE8E56AF588}.Release|Any CPU.Build.0 = Release|Any CPU
		{D2F2E993-62FD-4528-AD0E-2DDC29EB69BB}.Debug|Any CPU.ActiveCfg = Debug|Any CPU
		{D2F2E993-62FD-4528-AD0E-2DDC29EB69BB}.Debug|Any CPU.Build.0 = Debug|Any CPU
		{D2F2E993-62FD-4528-AD0E-2DDC29EB69BB}.Release|Any CPU.ActiveCfg = Release|Any CPU
		{D2F2E993-62FD-4528-AD0E-2DDC29EB69BB}.Release|Any CPU.Build.0 = Release|Any CPU
	EndGlobalSection
	GlobalSection(SolutionProperties) = preSolution
		HideSolutionNode = FALSE
	EndGlobalSection
	GlobalSection(ExtensibilityGlobals) = postSolution
		SolutionGuid = {BC2864E3-4A60-4D7E-824F-06C8A258B936}
	EndGlobalSection
EndGlobal
